<?xml version="1.0" encoding="UTF-8" standalone="yes" ?>
<CodeBlocks_project_file>
	<FileVersion major="1" minor="6" />
	<Project>
		<Option title="Jogo-CSE20" />
		<Option pch_mode="2" />
		<Option compiler="gcc" />
		<Build>
			<Target title="Debug">
				<Option output="bin/Debug/Jogo-CSE20" prefix_auto="1" extension_auto="1" />
				<Option object_output="obj/Debug/" />
				<Option type="1" />
				<Option compiler="gcc" />
				<Compiler>
					<Add option="-g" />
					<Add directory="include" />
					<Add directory="src/Jogador" />
					<Add directory="src/Personagem" />
				</Compiler>
				<Linker>
					<Add library="sfml-graphics" />
					<Add library="sfml-window" />
					<Add library="sfml-system" />
				</Linker>
			</Target>
			<Target title="Release">
				<Option output="bin/Release/Jogo-CSE20" prefix_auto="1" extension_auto="1" />
				<Option object_output="obj/Release/" />
				<Option type="0" />
				<Option compiler="gcc" />
				<Compiler>
					<Add option="-O2" />
					<Add directory="include" />
					<Add directory="src/Jogador" />
					<Add directory="src/Personagem" />
				</Compiler>
				<Linker>
					<Add option="-s" />
					<Add library="sfml-graphics" />
					<Add library="sfml-window" />
					<Add library="sfml-system" />
				</Linker>
			</Target>
		</Build>
		<Compiler>
			<Add option="-Wall" />
		</Compiler>
		<Unit filename="main.cc" />
		<Unit filename="src/Cenas/Jogo.cc" />
		<Unit filename="src/Cenas/Jogo.h" />
		<Unit filename="src/Cenas/Menu.cc" />
		<Unit filename="src/Cenas/Menu.h" />
		<Unit filename="src/Cenas/MenuPrincipal.cc" />
		<Unit filename="src/Cenas/MenuPrincipal.h" />
		<Unit filename="src/Cenas/TelaDeCreditos.cc" />
		<Unit filename="src/Cenas/TelaDeCreditos.h" />
		<Unit filename="src/Entidades/Entidade.cc" />
		<Unit filename="src/Entidades/Entidade.h" />
		<Unit filename="src/Entidades/Personagem.cc" />
		<Unit filename="src/Entidades/Personagem.h" />
		<Unit filename="src/Entidades/Plataforma.cc" />
		<Unit filename="src/Entidades/Plataforma.h" />
		<Unit filename="src/GerenciadorGrafico.cc" />
		<Unit filename="src/GerenciadorGrafico.h" />
		<Unit filename="src/Jogador/GerenciadorDeInput.cc" />
		<Unit filename="src/Jogador/GerenciadorDeInput.h" />
		<Unit filename="src/Jogador/Jogador.cc" />
		<Unit filename="src/Jogador/Jogador.h" />
		<Unit filename="src/Principal.cc" />
		<Unit filename="src/Principal.h" />
		<Unit filename="src/common.h" />
		<Extensions>
			<code_completion />
			<debugger />
		</Extensions>
	</Project>
</CodeBlocks_project_file>
